
Microsoft Visual Studio Solution File, Format Version 12.00
# Visual Studio Version 17
VisualStudioVersion = 17.14.36429.23
MinimumVisualStudioVersion = 10.0.40219.1
Project("{FAE04EC0-301F-11D3-BF4B-00C04F79EFBC}") = "Phonebook-EF", "Phonebook-EF.csproj", "{76FE0C0C-4665-4EEC-B9CB-1247416C01ED}"
EndProject
Project("{FAE04EC0-301F-11D3-BF4B-00C04F79EFBC}") = "Phonebook.Tests", "..\Phonebook.Tests\Phonebook.Tests.csproj", "{303111AC-3CFD-42EA-85CD-F32384F7CF03}"
EndProject
Global
	GlobalSection(SolutionConfigurationPlatforms) = preSolution
		Debug|Any CPU = Debug|Any CPU
		Release|Any CPU = Release|Any CPU
	EndGlobalSection
	GlobalSection(ProjectConfigurationPlatforms) = postSolution
		{76FE0C0C-4665-4EEC-B9CB-1247416C01ED}.Debug|Any CPU.ActiveCfg = Debug|Any CPU
		{76FE0C0C-4665-4EEC-B9CB-1247416C01ED}.Debug|Any CPU.Build.0 = Debug|Any CPU
		{76FE0C0C-4665-4EEC-B9CB-1247416C01ED}.Release|Any CPU.ActiveCfg = Release|Any CPU
		{76FE0C0C-4665-4EEC-B9CB-1247416C01ED}.Release|Any CPU.Build.0 = Release|Any CPU
		{303111AC-3CFD-42EA-85CD-F32384F7CF03}.Debug|Any CPU.ActiveCfg = Debug|Any CPU
		{303111AC-3CFD-42EA-85CD-F32384F7CF03}.Debug|Any CPU.Build.0 = Debug|Any CPU
		{303111AC-3CFD-42EA-85CD-F32384F7CF03}.Release|Any CPU.ActiveCfg = Release|Any CPU
		{303111AC-3CFD-42EA-85CD-F32384F7CF03}.Release|Any CPU.Build.0 = Release|Any CPU
	EndGlobalSection
	GlobalSection(SolutionProperties) = preSolution
		HideSolutionNode = FALSE
	EndGlobalSection
	GlobalSection(ExtensibilityGlobals) = postSolution
		SolutionGuid = {3455DA22-32B5-41E4-A4B8-F34D62F58E24}
	EndGlobalSection
EndGlobal
